
Microsoft Visual Studio Solution File, Format Version 12.00
# Visual Studio Version 16
VisualStudioVersion = 16.0.33130.400
MinimumVisualStudioVersion = 10.0.40219.1
Project("{FAE04EC0-301F-11D3-BF4B-00C04F79EFBC}") = "EmployeeManagement", "EmployeeManagement\EmployeeManagement.csproj", "{C72F3188-C321-4504-8674-716B480BFC15}"
EndProject
Global
	GlobalSection(SolutionConfigurationPlatforms) = preSolution
		Debug|Any CPU = Debug|Any CPU
		Release|Any CPU = Release|Any CPU
	EndGlobalSection
	GlobalSection(ProjectConfigurationPlatforms) = postSolution
		{C72F3188-C321-4504-8674-716B480BFC15}.Debug|Any CPU.ActiveCfg = Debug|Any CPU
		{C72F3188-C321-4504-8674-716B480BFC15}.Debug|Any CPU.Build.0 = Debug|Any CPU
		{C72F3188-C321-4504-8674-716B480BFC15}.Release|Any CPU.ActiveCfg = Release|Any CPU
		{C72F3188-C321-4504-8674-716B480BFC15}.Release|Any CPU.Build.0 = Release|Any CPU
	EndGlobalSection
	GlobalSection(SolutionProperties) = preSolution
		HideSolutionNode = FALSE
	EndGlobalSection
	GlobalSection(ExtensibilityGlobals) = postSolution
		SolutionGuid = {3F95D816-24F8-4448-9730-F8805AD8848E}
	EndGlobalSection
EndGlobal
